
Microsoft Visual Studio Solution File, Format Version 12.00
# Visual Studio Version 16
VisualStudioVersion = 16.0.30320.27
MinimumVisualStudioVersion = 10.0.40219.1
Project("{00D1A9C2-B5F0-4AF3-8072-F6C62B433612}") = "synapse_students", "synapse_students\synapse_students.sqlproj", "{CD716995-B5D6-401E-91F7-20773660446A}"
EndProject
Global
	GlobalSection(SolutionConfigurationPlatforms) = preSolution
		Debug|Any CPU = Debug|Any CPU
		Release|Any CPU = Release|Any CPU
	EndGlobalSection
	GlobalSection(ProjectConfigurationPlatforms) = postSolution
		{CD716995-B5D6-401E-91F7-20773660446A}.Debug|Any CPU.ActiveCfg = Debug|Any CPU
		{CD716995-B5D6-401E-91F7-20773660446A}.Debug|Any CPU.Build.0 = Debug|Any CPU
		{CD716995-B5D6-401E-91F7-20773660446A}.Debug|Any CPU.Deploy.0 = Debug|Any CPU
		{CD716995-B5D6-401E-91F7-20773660446A}.Release|Any CPU.ActiveCfg = Release|Any CPU
		{CD716995-B5D6-401E-91F7-20773660446A}.Release|Any CPU.Build.0 = Release|Any CPU
		{CD716995-B5D6-401E-91F7-20773660446A}.Release|Any CPU.Deploy.0 = Release|Any CPU
	EndGlobalSection
	GlobalSection(SolutionProperties) = preSolution
		HideSolutionNode = FALSE
	EndGlobalSection
	GlobalSection(ExtensibilityGlobals) = postSolution
		SolutionGuid = {886CDF29-C064-4A6D-99A7-40C1273982F1}
	EndGlobalSection
EndGlobal
